
Microsoft Visual Studio Solution File, Format Version 12.00
# Visual Studio Version 17
VisualStudioVersion = 17.10.35122.118
MinimumVisualStudioVersion = 10.0.40219.1
Project("{8BC9CEB8-8B4A-11D0-8D11-00A0C91BC942}") = "Dual-Grid system", "Dual-Grid system\Dual-Grid system.vcxproj", "{4B42D171-BF13-4AFB-B5D0-320FA9FF42E3}"
EndProject
Global
	GlobalSection(SolutionConfigurationPlatforms) = preSolution
		Debug|x64 = Debug|x64
		Debug|x86 = Debug|x86
		Release|x64 = Release|x64
		Release|x86 = Release|x86
	EndGlobalSection
	GlobalSection(ProjectConfigurationPlatforms) = postSolution
		{4B42D171-BF13-4AFB-B5D0-320FA9FF42E3}.Debug|x64.ActiveCfg = Debug|x64
		{4B42D171-BF13-4AFB-B5D0-320FA9FF42E3}.Debug|x64.Build.0 = Debug|x64
		{4B42D171-BF13-4AFB-B5D0-320FA9FF42E3}.Debug|x86.ActiveCfg = Debug|Win32
		{4B42D171-BF13-4AFB-B5D0-320FA9FF42E3}.Debug|x86.Build.0 = Debug|Win32
		{4B42D171-BF13-4AFB-B5D0-320FA9FF42E3}.Release|x64.ActiveCfg = Release|x64
		{4B42D171-BF13-4AFB-B5D0-320FA9FF42E3}.Release|x64.Build.0 = Release|x64
		{4B42D171-BF13-4AFB-B5D0-320FA9FF42E3}.Release|x86.ActiveCfg = Release|Win32
		{4B42D171-BF13-4AFB-B5D0-320FA9FF42E3}.Release|x86.Build.0 = Release|Win32
	EndGlobalSection
	GlobalSection(SolutionProperties) = preSolution
		HideSolutionNode = FALSE
	EndGlobalSection
	GlobalSection(ExtensibilityGlobals) = postSolution
		SolutionGuid = {5588B8D6-17A0-4744-B1CA-4D0A8BC36EEF}
	EndGlobalSection
EndGlobal
